// !$*UTF8*$!
{
	archiveVersion = 1;
	classes = {
	};
	objectVersion = 56;
	objects = {

/* Begin PBXBuildFile section */
		DF0C67E92949C297001B71A8 /* AddToCart.swift in Sources */ = {isa = PBXBuildFile; fileRef = DF0C67E82949C297001B71A8 /* AddToCart.swift */; };
		DF0C67ED2949C450001B71A8 /* CartItem.swift in Sources */ = {isa = PBXBuildFile; fileRef = DF0C67EC2949C450001B71A8 /* CartItem.swift */; };
		DF0C67EF2949C940001B71A8 /* StepperView.swift in Sources */ = {isa = PBXBuildFile; fileRef = DF0C67EE2949C940001B71A8 /* StepperView.swift */; };
		DF4AE18A294C5CB8004DB2A4 /* CategoryCollection.swift in Sources */ = {isa = PBXBuildFile; fileRef = DF4AE189294C5CB8004DB2A4 /* CategoryCollection.swift */; };
		DF4AE18C294C6826004DB2A4 /* ListItem.swift in Sources */ = {isa = PBXBuildFile; fileRef = DF4AE18B294C6826004DB2A4 /* ListItem.swift */; };
		DF9631282924E96400816D30 /* OrderUpApp.swift in Sources */ = {isa = PBXBuildFile; fileRef = DF9631272924E96400816D30 /* OrderUpApp.swift */; };
		DF96312A2924E96400816D30 /* ContentView.swift in Sources */ = {isa = PBXBuildFile; fileRef = DF9631292924E96400816D30 /* ContentView.swift */; };
		DF96312C2924E96500816D30 /* Assets.xcassets in Resources */ = {isa = PBXBuildFile; fileRef = DF96312B2924E96500816D30 /* Assets.xcassets */; };
		DF96312F2924E96500816D30 /* Preview Assets.xcassets in Resources */ = {isa = PBXBuildFile; fileRef = DF96312E2924E96500816D30 /* Preview Assets.xcassets */; };
		DF96313A29278FB400816D30 /* Cart.swift in Sources */ = {isa = PBXBuildFile; fileRef = DF96313929278FB400816D30 /* Cart.swift */; };
		DF96313C29278FED00816D30 /* ShopList.swift in Sources */ = {isa = PBXBuildFile; fileRef = DF96313B29278FED00816D30 /* ShopList.swift */; };
		DF96313E2927906F00816D30 /* Categories.swift in Sources */ = {isa = PBXBuildFile; fileRef = DF96313D2927906F00816D30 /* Categories.swift */; };
		DF9631402927908100816D30 /* ShopItem.swift in Sources */ = {isa = PBXBuildFile; fileRef = DF96313F2927908000816D30 /* ShopItem.swift */; };
		DF9631422927941000816D30 /* CategoryRow.swift in Sources */ = {isa = PBXBuildFile; fileRef = DF9631412927941000816D30 /* CategoryRow.swift */; };
		DF9631442927941F00816D30 /* ItemRow.swift in Sources */ = {isa = PBXBuildFile; fileRef = DF9631432927941F00816D30 /* ItemRow.swift */; };
/* End PBXBuildFile section */

/* Begin PBXFileReference section */
		DF0C67E82949C297001B71A8 /* AddToCart.swift */ = {isa = PBXFileReference; lastKnownFileType = sourcecode.swift; path = AddToCart.swift; sourceTree = "<group>"; };
		DF0C67EC2949C450001B71A8 /* CartItem.swift */ = {isa = PBXFileReference; lastKnownFileType = sourcecode.swift; path = CartItem.swift; sourceTree = "<group>"; };
		DF0C67EE2949C940001B71A8 /* StepperView.swift */ = {isa = PBXFileReference; lastKnownFileType = sourcecode.swift; path = StepperView.swift; sourceTree = "<group>"; };
		DF4AE189294C5CB8004DB2A4 /* CategoryCollection.swift */ = {isa = PBXFileReference; lastKnownFileType = sourcecode.swift; path = CategoryCollection.swift; sourceTree = "<group>"; };
		DF4AE18B294C6826004DB2A4 /* ListItem.swift */ = {isa = PBXFileReference; lastKnownFileType = sourcecode.swift; path = ListItem.swift; sourceTree = "<group>"; };
		DF9631242924E96400816D30 /* OrderUp.app */ = {isa = PBXFileReference; explicitFileType = wrapper.application; includeInIndex = 0; path = OrderUp.app; sourceTree = BUILT_PRODUCTS_DIR; };
		DF9631272924E96400816D30 /* OrderUpApp.swift */ = {isa = PBXFileReference; lastKnownFileType = sourcecode.swift; path = OrderUpApp.swift; sourceTree = "<group>"; };
		DF9631292924E96400816D30 /* ContentView.swift */ = {isa = PBXFileReference; lastKnownFileType = sourcecode.swift; path = ContentView.swift; sourceTree = "<group>"; };
		DF96312B2924E96500816D30 /* Assets.xcassets */ = {isa = PBXFileReference; lastKnownFileType = folder.assetcatalog; path = Assets.xcassets; sourceTree = "<group>"; };
		DF96312E2924E96500816D30 /* Preview Assets.xcassets */ = {isa = PBXFileReference; lastKnownFileType = folder.assetcatalog; path = "Preview Assets.xcassets"; sourceTree = "<group>"; };
		DF96313929278FB400816D30 /* Cart.swift */ = {isa = PBXFileReference; lastKnownFileType = sourcecode.swift; path = Cart.swift; sourceTree = "<group>"; };
		DF96313B29278FED00816D30 /* ShopList.swift */ = {isa = PBXFileReference; lastKnownFileType = sourcecode.swift; path = ShopList.swift; sourceTree = "<group>"; };
		DF96313D2927906F00816D30 /* Categories.swift */ = {isa = PBXFileReference; lastKnownFileType = sourcecode.swift; path = Categories.swift; sourceTree = "<group>"; };
		DF96313F2927908000816D30 /* ShopItem.swift */ = {isa = PBXFileReference; lastKnownFileType = sourcecode.swift; path = ShopItem.swift; sourceTree = "<group>"; };
		DF9631412927941000816D30 /* CategoryRow.swift */ = {isa = PBXFileReference; lastKnownFileType = sourcecode.swift; path = CategoryRow.swift; sourceTree = "<group>"; };
		DF9631432927941F00816D30 /* ItemRow.swift */ = {isa = PBXFileReference; lastKnownFileType = sourcecode.swift; path = ItemRow.swift; sourceTree = "<group>"; };
/* End PBXFileReference section */

/* Begin PBXFrameworksBuildPhase section */
		DF9631212924E96400816D30 /* Frameworks */ = {
			isa = PBXFrameworksBuildPhase;
			buildActionMask = 2147483647;
			files = (
			);
			runOnlyForDeploymentPostprocessing = 0;
		};
/* End PBXFrameworksBuildPhase section */

/* Begin PBXGroup section */
		DF96311B2924E96400816D30 = {
			isa = PBXGroup;
			children = (
				DF9631262924E96400816D30 /* OrderUp */,
				DF9631252924E96400816D30 /* Products */,
			);
			sourceTree = "<group>";
		};
		DF9631252924E96400816D30 /* Products */ = {
			isa = PBXGroup;
			children = (
				DF9631242924E96400816D30 /* OrderUp.app */,
			);
			name = Products;
			sourceTree = "<group>";
		};
		DF9631262924E96400816D30 /* OrderUp */ = {
			isa = PBXGroup;
			children = (
				DF96313629278C8100816D30 /* Views */,
				DF96313529278C7100816D30 /* Model */,
				DF9631272924E96400816D30 /* OrderUpApp.swift */,
				DF9631292924E96400816D30 /* ContentView.swift */,
				DF96312B2924E96500816D30 /* Assets.xcassets */,
				DF96312D2924E96500816D30 /* Preview Content */,
			);
			path = OrderUp;
			sourceTree = "<group>";
		};
		DF96312D2924E96500816D30 /* Preview Content */ = {
			isa = PBXGroup;
			children = (
				DF96312E2924E96500816D30 /* Preview Assets.xcassets */,
			);
			path = "Preview Content";
			sourceTree = "<group>";
		};
		DF96313529278C7100816D30 /* Model */ = {
			isa = PBXGroup;
			children = (
				DF96313D2927906F00816D30 /* Categories.swift */,
				DF96313F2927908000816D30 /* ShopItem.swift */,
				DF0C67EC2949C450001B71A8 /* CartItem.swift */,
			);
			path = Model;
			sourceTree = "<group>";
		};
		DF96313629278C8100816D30 /* Views */ = {
			isa = PBXGroup;
			children = (
				DF96313B29278FED00816D30 /* ShopList.swift */,
				DF9631432927941F00816D30 /* ItemRow.swift */,
				DF4AE18B294C6826004DB2A4 /* ListItem.swift */,
				DF9631412927941000816D30 /* CategoryRow.swift */,
				DF4AE189294C5CB8004DB2A4 /* CategoryCollection.swift */,
				DF0C67EE2949C940001B71A8 /* StepperView.swift */,
				DF96313929278FB400816D30 /* Cart.swift */,
				DF0C67E82949C297001B71A8 /* AddToCart.swift */,
			);
			path = Views;
			sourceTree = "<group>";
		};
/* End PBXGroup section */

/* Begin PBXNativeTarget section */
		DF9631232924E96400816D30 /* OrderUp */ = {
			isa = PBXNativeTarget;
			buildConfigurationList = DF9631322924E96500816D30 /* Build configuration list for PBXNativeTarget "OrderUp" */;
			buildPhases = (
				DF9631202924E96400816D30 /* Sources */,
				DF9631212924E96400816D30 /* Frameworks */,
				DF9631222924E96400816D30 /* Resources */,
			);
			buildRules = (
			);
			dependencies = (
			);
			name = OrderUp;
			productName = OrderUp;
			productReference = DF9631242924E96400816D30 /* OrderUp.app */;
			productType = "com.apple.product-type.application";
		};
/* End PBXNativeTarget section */

/* Begin PBXProject section */
		DF96311C2924E96400816D30 /* Project object */ = {
			isa = PBXProject;
			attributes = {
				BuildIndependentTargetsInParallel = 1;
				LastSwiftUpdateCheck = 1410;
				LastUpgradeCheck = 1410;
				TargetAttributes = {
					DF9631232924E96400816D30 = {
						CreatedOnToolsVersion = 14.1;
					};
				};
			};
			buildConfigurationList = DF96311F2924E96400816D30 /* Build configuration list for PBXProject "OrderUp" */;
			compatibilityVersion = "Xcode 14.0";
			developmentRegion = en;
			hasScannedForEncodings = 0;
			knownRegions = (
				en,
				Base,
			);
			mainGroup = DF96311B2924E96400816D30;
			productRefGroup = DF9631252924E96400816D30 /* Products */;
			projectDirPath = "";
			projectRoot = "";
			targets = (
				DF9631232924E96400816D30 /* OrderUp */,
			);
		};
/* End PBXProject section */

/* Begin PBXResourcesBuildPhase section */
		DF9631222924E96400816D30 /* Resources */ = {
			isa = PBXResourcesBuildPhase;
			buildActionMask = 2147483647;
			files = (
				DF96312F2924E96500816D30 /* Preview Assets.xcassets in Resources */,
				DF96312C2924E96500816D30 /* Assets.xcassets in Resources */,
			);
			runOnlyForDeploymentPostprocessing = 0;
		};
/* End PBXResourcesBuildPhase section */

/* Begin PBXSourcesBuildPhase section */
		DF9631202924E96400816D30 /* Sources */ = {
			isa = PBXSourcesBuildPhase;
			buildActionMask = 2147483647;
			files = (
				DF96312A2924E96400816D30 /* ContentView.swift in Sources */,
				DF0C67EF2949C940001B71A8 /* StepperView.swift in Sources */,
				DF9631282924E96400816D30 /* OrderUpApp.swift in Sources */,
				DF9631402927908100816D30 /* ShopItem.swift in Sources */,
				DF96313E2927906F00816D30 /* Categories.swift in Sources */,
				DF9631422927941000816D30 /* CategoryRow.swift in Sources */,
				DF0C67E92949C297001B71A8 /* AddToCart.swift in Sources */,
				DF96313A29278FB400816D30 /* Cart.swift in Sources */,
				DF96313C29278FED00816D30 /* ShopList.swift in Sources */,
				DF4AE18A294C5CB8004DB2A4 /* CategoryCollection.swift in Sources */,
				DF4AE18C294C6826004DB2A4 /* ListItem.swift in Sources */,
				DF0C67ED2949C450001B71A8 /* CartItem.swift in Sources */,
				DF9631442927941F00816D30 /* ItemRow.swift in Sources */,
			);
			runOnlyForDeploymentPostprocessing = 0;
		};
/* End PBXSourcesBuildPhase section */

/* Begin XCBuildConfiguration section */
		DF9631302924E96500816D30 /* Debug */ = {
			isa = XCBuildConfiguration;
			buildSettings = {
				ALWAYS_SEARCH_USER_PATHS = NO;
				CLANG_ANALYZER_NONNULL = YES;
				CLANG_ANALYZER_NUMBER_OBJECT_CONVERSION = YES_AGGRESSIVE;
				CLANG_CXX_LANGUAGE_STANDARD = "gnu++20";
				CLANG_ENABLE_MODULES = YES;
				CLANG_ENABLE_OBJC_ARC = YES;
				CLANG_ENABLE_OBJC_WEAK = YES;
				CLANG_WARN_BLOCK_CAPTURE_AUTORELEASING = YES;
				CLANG_WARN_BOOL_CONVERSION = YES;
				CLANG_WARN_COMMA = YES;
				CLANG_WARN_CONSTANT_CONVERSION = YES;
				CLANG_WARN_DEPRECATED_OBJC_IMPLEMENTATIONS = YES;
				CLANG_WARN_DIRECT_OBJC_ISA_USAGE = YES_ERROR;
				CLANG_WARN_DOCUMENTATION_COMMENTS = YES;
				CLANG_WARN_EMPTY_BODY = YES;
				CLANG_WARN_ENUM_CONVERSION = YES;
				CLANG_WARN_INFINITE_RECURSION = YES;
				CLANG_WARN_INT_CONVERSION = YES;
				CLANG_WARN_NON_LITERAL_NULL_CONVERSION = YES;
				CLANG_WARN_OBJC_IMPLICIT_RETAIN_SELF = YES;
				CLANG_WARN_OBJC_LITERAL_CONVERSION = YES;
				CLANG_WARN_OBJC_ROOT_CLASS = YES_ERROR;
				CLANG_WARN_QUOTED_INCLUDE_IN_FRAMEWORK_HEADER = YES;
				CLANG_WARN_RANGE_LOOP_ANALYSIS = YES;
				CLANG_WARN_STRICT_PROTOTYPES = YES;
				CLANG_WARN_SUSPICIOUS_MOVE = YES;
				CLANG_WARN_UNGUARDED_AVAILABILITY = YES_AGGRESSIVE;
				CLANG_WARN_UNREACHABLE_CODE = YES;
				CLANG_WARN__DUPLICATE_METHOD_MATCH = YES;
				COPY_PHASE_STRIP = NO;
				DEBUG_INFORMATION_FORMAT = dwarf;
				ENABLE_STRICT_OBJC_MSGSEND = YES;
				ENABLE_TESTABILITY = YES;
				GCC_C_LANGUAGE_STANDARD = gnu11;
				GCC_DYNAMIC_NO_PIC = NO;
				GCC_NO_COMMON_BLOCKS = YES;
				GCC_OPTIMIZATION_LEVEL = 0;
				GCC_PREPROCESSOR_DEFINITIONS = (
					"DEBUG=1",
					"$(inherited)",
				);
				GCC_WARN_64_TO_32_BIT_CONVERSION = YES;
				GCC_WARN_ABOUT_RETURN_TYPE = YES_ERROR;
				GCC_WARN_UNDECLARED_SELECTOR = YES;
				GCC_WARN_UNINITIALIZED_AUTOS = YES_AGGRESSIVE;
				GCC_WARN_UNUSED_FUNCTION = YES;
				GCC_WARN_UNUSED_VARIABLE = YES;
				IPHONEOS_DEPLOYMENT_TARGET = 16.1;
				MTL_ENABLE_DEBUG_INFO = INCLUDE_SOURCE;
				MTL_FAST_MATH = YES;
				ONLY_ACTIVE_ARCH = YES;
				SDKROOT = iphoneos;
				SWIFT_ACTIVE_COMPILATION_CONDITIONS = DEBUG;
				SWIFT_OPTIMIZATION_LEVEL = "-Onone";
			};
			name = Debug;
		};
		DF9631312924E96500816D30 /* Release */ = {
			isa = XCBuildConfiguration;
			buildSettings = {
				ALWAYS_SEARCH_USER_PATHS = NO;
				CLANG_ANALYZER_NONNULL = YES;
				CLANG_ANALYZER_NUMBER_OBJECT_CONVERSION = YES_AGGRESSIVE;
				CLANG_CXX_LANGUAGE_STANDARD = "gnu++20";
				CLANG_ENABLE_MODULES = YES;
				CLANG_ENABLE_OBJC_ARC = YES;
				CLANG_ENABLE_OBJC_WEAK = YES;
				CLANG_WARN_BLOCK_CAPTURE_AUTORELEASING = YES;
				CLANG_WARN_BOOL_CONVERSION = YES;
				CLANG_WARN_COMMA = YES;
				CLANG_WARN_CONSTANT_CONVERSION = YES;
				CLANG_WARN_DEPRECATED_OBJC_IMPLEMENTATIONS = YES;
				CLANG_WARN_DIRECT_OBJC_ISA_USAGE = YES_ERROR;
				CLANG_WARN_DOCUMENTATION_COMMENTS = YES;
				CLANG_WARN_EMPTY_BODY = YES;
				CLANG_WARN_ENUM_CONVERSION = YES;
				CLANG_WARN_INFINITE_RECURSION = YES;
				CLANG_WARN_INT_CONVERSION = YES;
				CLANG_WARN_NON_LITERAL_NULL_CONVERSION = YES;
				CLANG_WARN_OBJC_IMPLICIT_RETAIN_SELF = YES;
				CLANG_WARN_OBJC_LITERAL_CONVERSION = YES;
				CLANG_WARN_OBJC_ROOT_CLASS = YES_ERROR;
				CLANG_WARN_QUOTED_INCLUDE_IN_FRAMEWORK_HEADER = YES;
				CLANG_WARN_RANGE_LOOP_ANALYSIS = YES;
				CLANG_WARN_STRICT_PROTOTYPES = YES;
				CLANG_WARN_SUSPICIOUS_MOVE = YES;
				CLANG_WARN_UNGUARDED_AVAILABILITY = YES_AGGRESSIVE;
				CLANG_WARN_UNREACHABLE_CODE = YES;
				CLANG_WARN__DUPLICATE_METHOD_MATCH = YES;
				COPY_PHASE_STRIP = NO;
				DEBUG_INFORMATION_FORMAT = "dwarf-with-dsym";
				ENABLE_NS_ASSERTIONS = NO;
				ENABLE_STRICT_OBJC_MSGSEND = YES;
				GCC_C_LANGUAGE_STANDARD = gnu11;
				GCC_NO_COMMON_BLOCKS = YES;
				GCC_WARN_64_TO_32_BIT_CONVERSION = YES;
				GCC_WARN_ABOUT_RETURN_TYPE = YES_ERROR;
				GCC_WARN_UNDECLARED_SELECTOR = YES;
				GCC_WARN_UNINITIALIZED_AUTOS = YES_AGGRESSIVE;
				GCC_WARN_UNUSED_FUNCTION = YES;
				GCC_WARN_UNUSED_VARIABLE = YES;
				IPHONEOS_DEPLOYMENT_TARGET = 16.1;
				MTL_ENABLE_DEBUG_INFO = NO;
				MTL_FAST_MATH = YES;
				SDKROOT = iphoneos;
				SWIFT_COMPILATION_MODE = wholemodule;
				SWIFT_OPTIMIZATION_LEVEL = "-O";
				VALIDATE_PRODUCT = YES;
			};
			name = Release;
		};
		DF9631332924E96500816D30 /* Debug */ = {
			isa = XCBuildConfiguration;
			buildSettings = {
				ASSETCATALOG_COMPILER_APPICON_NAME = AppIcon;
				ASSETCATALOG_COMPILER_GLOBAL_ACCENT_COLOR_NAME = AccentColor;
				CODE_SIGN_STYLE = Automatic;
				CURRENT_PROJECT_VERSION = 1;
				DEVELOPMENT_ASSET_PATHS = "\"OrderUp/Preview Content\"";
				DEVELOPMENT_TEAM = ZY9DNBTZ6S;
				ENABLE_PREVIEWS = YES;
				GENERATE_INFOPLIST_FILE = YES;
				INFOPLIST_KEY_UIApplicationSceneManifest_Generation = YES;
				INFOPLIST_KEY_UIApplicationSupportsIndirectInputEvents = YES;
				INFOPLIST_KEY_UILaunchScreen_Generation = YES;
				INFOPLIST_KEY_UISupportedInterfaceOrientations_iPad = "UIInterfaceOrientationPortrait UIInterfaceOrientationPortraitUpsideDown UIInterfaceOrientationLandscapeLeft UIInterfaceOrientationLandscapeRight";
				INFOPLIST_KEY_UISupportedInterfaceOrientations_iPhone = "UIInterfaceOrientationPortrait UIInterfaceOrientationLandscapeLeft UIInterfaceOrientationLandscapeRight";
				LD_RUNPATH_SEARCH_PATHS = (
					"$(inherited)",
					"@executable_path/Frameworks",
				);
				MARKETING_VERSION = 1.0;
				PRODUCT_BUNDLE_IDENTIFIER = com.jadson.OrderUp;
				PRODUCT_NAME = "$(TARGET_NAME)";
				SWIFT_EMIT_LOC_STRINGS = YES;
				SWIFT_VERSION = 5.0;
				TARGETED_DEVICE_FAMILY = "1,2";
			};
			name = Debug;
		};
		DF9631342924E96500816D30 /* Release */ = {
			isa = XCBuildConfiguration;
			buildSettings = {
				ASSETCATALOG_COMPILER_APPICON_NAME = AppIcon;
				ASSETCATALOG_COMPILER_GLOBAL_ACCENT_COLOR_NAME = AccentColor;
				CODE_SIGN_STYLE = Automatic;
				CURRENT_PROJECT_VERSION = 1;
				DEVELOPMENT_ASSET_PATHS = "\"OrderUp/Preview Content\"";
				DEVELOPMENT_TEAM = ZY9DNBTZ6S;
				ENABLE_PREVIEWS = YES;
				GENERATE_INFOPLIST_FILE = YES;
				INFOPLIST_KEY_UIApplicationSceneManifest_Generation = YES;
				INFOPLIST_KEY_UIApplicationSupportsIndirectInputEvents = YES;
				INFOPLIST_KEY_UILaunchScreen_Generation = YES;
				INFOPLIST_KEY_UISupportedInterfaceOrientations_iPad = "UIInterfaceOrientationPortrait UIInterfaceOrientationPortraitUpsideDown UIInterfaceOrientationLandscapeLeft UIInterfaceOrientationLandscapeRight";
				INFOPLIST_KEY_UISupportedInterfaceOrientations_iPhone = "UIInterfaceOrientationPortrait UIInterfaceOrientationLandscapeLeft UIInterfaceOrientationLandscapeRight";
				LD_RUNPATH_SEARCH_PATHS = (
					"$(inherited)",
					"@executable_path/Frameworks",
				);
				MARKETING_VERSION = 1.0;
				PRODUCT_BUNDLE_IDENTIFIER = com.jadson.OrderUp;
				PRODUCT_NAME = "$(TARGET_NAME)";
				SWIFT_EMIT_LOC_STRINGS = YES;
				SWIFT_VERSION = 5.0;
				TARGETED_DEVICE_FAMILY = "1,2";
			};
			name = Release;
		};
/* End XCBuildConfiguration section */

/* Begin XCConfigurationList section */
		DF96311F2924E96400816D30 /* Build configuration list for PBXProject "OrderUp" */ = {
			isa = XCConfigurationList;
			buildConfigurations = (
				DF9631302924E96500816D30 /* Debug */,
				DF9631312924E96500816D30 /* Release */,
			);
			defaultConfigurationIsVisible = 0;
			defaultConfigurationName = Release;
		};
		DF9631322924E96500816D30 /* Build configuration list for PBXNativeTarget "OrderUp" */ = {
			isa = XCConfigurationList;
			buildConfigurations = (
				DF9631332924E96500816D30 /* Debug */,
				DF9631342924E96500816D30 /* Release */,
			);
			defaultConfigurationIsVisible = 0;
			defaultConfigurationName = Release;
		};
/* End XCConfigurationList section */
	};
	rootObject = DF96311C2924E96400816D30 /* Project object */;
}
